
Microsoft Visual Studio Solution File, Format Version 12.00
# Visual Studio Version 17
VisualStudioVersion = 17.9.34723.18
MinimumVisualStudioVersion = 10.0.40219.1
Project("{FAE04EC0-301F-11D3-BF4B-00C04F79EFBC}") = "Azure.Lab.Domain", "Azure.Lab.Domain\Azure.Lab.Domain.csproj", "{79578F52-B4D3-4AD4-8659-FD833FA38363}"
EndProject
Project("{FAE04EC0-301F-11D3-BF4B-00C04F79EFBC}") = "Azure.Lab.Application", "Azure.Lab.Application\Azure.Lab.Application.csproj", "{CE73D3F7-3952-4840-9826-1EDDDF93889B}"
EndProject
Project("{FAE04EC0-301F-11D3-BF4B-00C04F79EFBC}") = "Azure.Lab.Infra.Data", "Azure.Lab.Infra.Data\Azure.Lab.Infra.Data.csproj", "{6C54453C-503B-4509-84A1-240134C48F8D}"
EndProject
Project("{FAE04EC0-301F-11D3-BF4B-00C04F79EFBC}") = "Azure.Lab.API", "Azure.Lab.API\Azure.Lab.API.csproj", "{66C11F14-948C-446A-BD33-2086A136B88D}"
EndProject
Global
	GlobalSection(SolutionConfigurationPlatforms) = preSolution
		Debug|Any CPU = Debug|Any CPU
		Release|Any CPU = Release|Any CPU
	EndGlobalSection
	GlobalSection(ProjectConfigurationPlatforms) = postSolution
		{79578F52-B4D3-4AD4-8659-FD833FA38363}.Debug|Any CPU.ActiveCfg = Debug|Any CPU
		{79578F52-B4D3-4AD4-8659-FD833FA38363}.Debug|Any CPU.Build.0 = Debug|Any CPU
		{79578F52-B4D3-4AD4-8659-FD833FA38363}.Release|Any CPU.ActiveCfg = Release|Any CPU
		{79578F52-B4D3-4AD4-8659-FD833FA38363}.Release|Any CPU.Build.0 = Release|Any CPU
		{CE73D3F7-3952-4840-9826-1EDDDF93889B}.Debug|Any CPU.ActiveCfg = Debug|Any CPU
		{CE73D3F7-3952-4840-9826-1EDDDF93889B}.Debug|Any CPU.Build.0 = Debug|Any CPU
		{CE73D3F7-3952-4840-9826-1EDDDF93889B}.Release|Any CPU.ActiveCfg = Release|Any CPU
		{CE73D3F7-3952-4840-9826-1EDDDF93889B}.Release|Any CPU.Build.0 = Release|Any CPU
		{6C54453C-503B-4509-84A1-240134C48F8D}.Debug|Any CPU.ActiveCfg = Debug|Any CPU
		{6C54453C-503B-4509-84A1-240134C48F8D}.Debug|Any CPU.Build.0 = Debug|Any CPU
		{6C54453C-503B-4509-84A1-240134C48F8D}.Release|Any CPU.ActiveCfg = Release|Any CPU
		{6C54453C-503B-4509-84A1-240134C48F8D}.Release|Any CPU.Build.0 = Release|Any CPU
		{66C11F14-948C-446A-BD33-2086A136B88D}.Debug|Any CPU.ActiveCfg = Debug|Any CPU
		{66C11F14-948C-446A-BD33-2086A136B88D}.Debug|Any CPU.Build.0 = Debug|Any CPU
		{66C11F14-948C-446A-BD33-2086A136B88D}.Release|Any CPU.ActiveCfg = Release|Any CPU
		{66C11F14-948C-446A-BD33-2086A136B88D}.Release|Any CPU.Build.0 = Release|Any CPU
	EndGlobalSection
	GlobalSection(SolutionProperties) = preSolution
		HideSolutionNode = FALSE
	EndGlobalSection
	GlobalSection(ExtensibilityGlobals) = postSolution
		SolutionGuid = {56290CCB-8549-4C58-9A7A-C2A447796446}
	EndGlobalSection
EndGlobal
